// !$*UTF8*$!
{
	archiveVersion = 1;
	classes = {
	};
	objectVersion = 46;
	objects = {

/* Begin PBXBuildFile section */
		AA512C54164A365A00E497FE /* CBCTKFontManager.h in Headers */ = {isa = PBXBuildFile; fileRef = AA512C52164A365A00E497FE /* CBCTKFontManager.h */; settings = {ATTRIBUTES = (Public, ); }; };
		AA512C55164A365A00E497FE /* CBCTKFontManager.h in Headers */ = {isa = PBXBuildFile; fileRef = AA512C52164A365A00E497FE /* CBCTKFontManager.h */; settings = {ATTRIBUTES = (Public, ); }; };
		AA512C56164A365A00E497FE /* CBCTKFontManager.m in Sources */ = {isa = PBXBuildFile; fileRef = AA512C53164A365A00E497FE /* CBCTKFontManager.m */; };
		AA512C57164A365A00E497FE /* CBCTKFontManager.m in Sources */ = {isa = PBXBuildFile; fileRef = AA512C53164A365A00E497FE /* CBCTKFontManager.m */; };
		AA6CCAB015F81C9600FD7A19 /* Cocoa.framework in Frameworks */ = {isa = PBXBuildFile; fileRef = AA6CCAAF15F81C9600FD7A19 /* Cocoa.framework */; };
		AA6CCAC215F81CA700FD7A19 /* CBCoreTextKit.h in Headers */ = {isa = PBXBuildFile; fileRef = AAC3418F15F516B600217914 /* CBCoreTextKit.h */; settings = {ATTRIBUTES = (Public, ); }; };
		AA6CCAC315F81CA700FD7A19 /* CBCTKGlobals.h in Headers */ = {isa = PBXBuildFile; fileRef = AAA5A50B15F74AAB002725C5 /* CBCTKGlobals.h */; settings = {ATTRIBUTES = (Public, ); }; };
		AA6CCAC515F81CA700FD7A19 /* NSAttributedString+CBCoreTextKit.h in Headers */ = {isa = PBXBuildFile; fileRef = AAC3419E15F5172F00217914 /* NSAttributedString+CBCoreTextKit.h */; settings = {ATTRIBUTES = (Public, ); }; };
		AA6CCAC615F81CA700FD7A19 /* NSAttributedString+DokuWiki.h in Headers */ = {isa = PBXBuildFile; fileRef = AAC341A015F5172F00217914 /* NSAttributedString+DokuWiki.h */; settings = {ATTRIBUTES = (Public, ); }; };
		AA7A976516BA3C1A009878C7 /* NSAttributedString+UIKit.h in Headers */ = {isa = PBXBuildFile; fileRef = AA7A976316BA3C1A009878C7 /* NSAttributedString+UIKit.h */; settings = {ATTRIBUTES = (Public, ); }; };
		AA7A976716BA3C1A009878C7 /* NSAttributedString+UIKit.m in Sources */ = {isa = PBXBuildFile; fileRef = AA7A976416BA3C1A009878C7 /* NSAttributedString+UIKit.m */; };
		AA7D3551166F2851006FCCA5 /* CBCTKMarkdownParser.m in Sources */ = {isa = PBXBuildFile; fileRef = AA9C9163164DA0EE00F75427 /* CBCTKMarkdownParser.m */; };
		AA91A4F8162A27AE00B5F20F /* CBCTKGlobals.m in Sources */ = {isa = PBXBuildFile; fileRef = AAA5A50C15F74AAC002725C5 /* CBCTKGlobals.m */; };
		AA91A4F9162A27B600B5F20F /* NSAttributedString+CBCoreTextKit.m in Sources */ = {isa = PBXBuildFile; fileRef = AAC3419F15F5172F00217914 /* NSAttributedString+CBCoreTextKit.m */; };
		AA91A4FA162A27B600B5F20F /* NSAttributedString+DokuWiki.m in Sources */ = {isa = PBXBuildFile; fileRef = AAC341A115F5172F00217914 /* NSAttributedString+DokuWiki.m */; };
		AA9C9164164DA0EF00F75427 /* CBCTKMarkdownParser.h in Headers */ = {isa = PBXBuildFile; fileRef = AA9C9162164DA0EE00F75427 /* CBCTKMarkdownParser.h */; settings = {ATTRIBUTES = (Public, ); }; };
		AA9C9165164DA0EF00F75427 /* CBCTKMarkdownParser.h in Headers */ = {isa = PBXBuildFile; fileRef = AA9C9162164DA0EE00F75427 /* CBCTKMarkdownParser.h */; settings = {ATTRIBUTES = (Public, ); }; };
		AA9C9166164DA0EF00F75427 /* CBCTKMarkdownParser.m in Sources */ = {isa = PBXBuildFile; fileRef = AA9C9163164DA0EE00F75427 /* CBCTKMarkdownParser.m */; };
		AA9C9167164DA0EF00F75427 /* CBCTKMarkdownParser.m in Sources */ = {isa = PBXBuildFile; fileRef = AA9C9163164DA0EE00F75427 /* CBCTKMarkdownParser.m */; };
		AAA5A50D15F74AAC002725C5 /* CBCTKGlobals.h in Headers */ = {isa = PBXBuildFile; fileRef = AAA5A50B15F74AAB002725C5 /* CBCTKGlobals.h */; settings = {ATTRIBUTES = (Public, ); }; };
		AAA5A50E15F74AAC002725C5 /* CBCTKGlobals.m in Sources */ = {isa = PBXBuildFile; fileRef = AAA5A50C15F74AAC002725C5 /* CBCTKGlobals.m */; };
		AABBBF6F166F2441000C16D9 /* CBNSAttributedStringMarkdownParserTest.m in Sources */ = {isa = PBXBuildFile; fileRef = AABBBF6E166F2441000C16D9 /* CBNSAttributedStringMarkdownParserTest.m */; };
		AABE57AD164519ED00F7CF5B /* SenTestingKit.framework in Frameworks */ = {isa = PBXBuildFile; fileRef = AABE57AC164519ED00F7CF5B /* SenTestingKit.framework */; };
		AABE57AF164519EE00F7CF5B /* UIKit.framework in Frameworks */ = {isa = PBXBuildFile; fileRef = AABE57AE164519ED00F7CF5B /* UIKit.framework */; };
		AABE57B0164519EE00F7CF5B /* Foundation.framework in Frameworks */ = {isa = PBXBuildFile; fileRef = AAC3418A15F516B600217914 /* Foundation.framework */; };
		AABE57B6164519EE00F7CF5B /* InfoPlist.strings in Resources */ = {isa = PBXBuildFile; fileRef = AABE57B4164519EE00F7CF5B /* InfoPlist.strings */; };
		AABE57D21645313100F7CF5B /* CBCTKGlobals.m in Sources */ = {isa = PBXBuildFile; fileRef = AAA5A50C15F74AAC002725C5 /* CBCTKGlobals.m */; };
		AABE57D31645313100F7CF5B /* NSAttributedString+CBCoreTextKit.m in Sources */ = {isa = PBXBuildFile; fileRef = AAC3419F15F5172F00217914 /* NSAttributedString+CBCoreTextKit.m */; };
		AABE57D41645313100F7CF5B /* NSAttributedString+Glyphs.m in Sources */ = {isa = PBXBuildFile; fileRef = AACA2E8F163113E3006D28C6 /* NSAttributedString+Glyphs.m */; };
		AABE57D51645313100F7CF5B /* NSAttributedString+HTML.m in Sources */ = {isa = PBXBuildFile; fileRef = AACA2E8916311367006D28C6 /* NSAttributedString+HTML.m */; };
		AABE57D61645313100F7CF5B /* NSAttributedString+DokuWiki.m in Sources */ = {isa = PBXBuildFile; fileRef = AAC341A115F5172F00217914 /* NSAttributedString+DokuWiki.m */; };
		AABE57D81645321200F7CF5B /* CoreText.framework in Frameworks */ = {isa = PBXBuildFile; fileRef = AAF4EB0E15FE0B56003D1E51 /* CoreText.framework */; };
		AAC3418B15F516B600217914 /* Foundation.framework in Frameworks */ = {isa = PBXBuildFile; fileRef = AAC3418A15F516B600217914 /* Foundation.framework */; };
		AAC3419015F516B600217914 /* CBCoreTextKit.h in CopyFiles */ = {isa = PBXBuildFile; fileRef = AAC3418F15F516B600217914 /* CBCoreTextKit.h */; };
		AAC341A215F5172F00217914 /* NSAttributedString+CBCoreTextKit.m in Sources */ = {isa = PBXBuildFile; fileRef = AAC3419F15F5172F00217914 /* NSAttributedString+CBCoreTextKit.m */; };
		AAC341A315F5172F00217914 /* NSAttributedString+DokuWiki.m in Sources */ = {isa = PBXBuildFile; fileRef = AAC341A115F5172F00217914 /* NSAttributedString+DokuWiki.m */; };
		AAC341AC15F5DC9600217914 /* NSAttributedString+CBCoreTextKit.h in Headers */ = {isa = PBXBuildFile; fileRef = AAC3419E15F5172F00217914 /* NSAttributedString+CBCoreTextKit.h */; settings = {ATTRIBUTES = (Public, ); }; };
		AAC341AD15F5DC9600217914 /* NSAttributedString+DokuWiki.h in Headers */ = {isa = PBXBuildFile; fileRef = AAC341A015F5172F00217914 /* NSAttributedString+DokuWiki.h */; settings = {ATTRIBUTES = (Public, ); }; };
		AAC341AE15F5DF6600217914 /* CBCoreTextKit.h in Headers */ = {isa = PBXBuildFile; fileRef = AAC3418F15F516B600217914 /* CBCoreTextKit.h */; settings = {ATTRIBUTES = (Public, ); }; };
		AACA2E8A16311367006D28C6 /* NSAttributedString+HTML.h in Headers */ = {isa = PBXBuildFile; fileRef = AACA2E8816311367006D28C6 /* NSAttributedString+HTML.h */; settings = {ATTRIBUTES = (Public, ); }; };
		AACA2E8B16311367006D28C6 /* NSAttributedString+HTML.h in Headers */ = {isa = PBXBuildFile; fileRef = AACA2E8816311367006D28C6 /* NSAttributedString+HTML.h */; settings = {ATTRIBUTES = (Public, ); }; };
		AACA2E8C16311367006D28C6 /* NSAttributedString+HTML.m in Sources */ = {isa = PBXBuildFile; fileRef = AACA2E8916311367006D28C6 /* NSAttributedString+HTML.m */; };
		AACA2E8D16311367006D28C6 /* NSAttributedString+HTML.m in Sources */ = {isa = PBXBuildFile; fileRef = AACA2E8916311367006D28C6 /* NSAttributedString+HTML.m */; };
		AACA2E90163113E3006D28C6 /* NSAttributedString+Glyphs.h in Headers */ = {isa = PBXBuildFile; fileRef = AACA2E8E163113E3006D28C6 /* NSAttributedString+Glyphs.h */; settings = {ATTRIBUTES = (Public, ); }; };
		AACA2E91163113E3006D28C6 /* NSAttributedString+Glyphs.h in Headers */ = {isa = PBXBuildFile; fileRef = AACA2E8E163113E3006D28C6 /* NSAttributedString+Glyphs.h */; settings = {ATTRIBUTES = (Public, ); }; };
		AACA2E92163113E3006D28C6 /* NSAttributedString+Glyphs.m in Sources */ = {isa = PBXBuildFile; fileRef = AACA2E8F163113E3006D28C6 /* NSAttributedString+Glyphs.m */; };
		AACA2E93163113E3006D28C6 /* NSAttributedString+Glyphs.m in Sources */ = {isa = PBXBuildFile; fileRef = AACA2E8F163113E3006D28C6 /* NSAttributedString+Glyphs.m */; };
		AAF4EB0F15FE0B56003D1E51 /* CoreText.framework in Frameworks */ = {isa = PBXBuildFile; fileRef = AAF4EB0E15FE0B56003D1E51 /* CoreText.framework */; };
/* End PBXBuildFile section */

/* Begin PBXContainerItemProxy section */
		AABE57C916451AFF00F7CF5B /* PBXContainerItemProxy */ = {
			isa = PBXContainerItemProxy;
			containerPortal = AAC3417E15F516B600217914 /* Project object */;
			proxyType = 1;
			remoteGlobalIDString = AAC3418615F516B600217914;
			remoteInfo = libCBCoreTextKit;
		};
/* End PBXContainerItemProxy section */

/* Begin PBXCopyFilesBuildPhase section */
		AAC3418515F516B600217914 /* CopyFiles */ = {
			isa = PBXCopyFilesBuildPhase;
			buildActionMask = 2147483647;
			dstPath = "include/${PRODUCT_NAME}";
			dstSubfolderSpec = 16;
			files = (
				AAC3419015F516B600217914 /* CBCoreTextKit.h in CopyFiles */,
			);
			runOnlyForDeploymentPostprocessing = 0;
		};
/* End PBXCopyFilesBuildPhase section */

/* Begin PBXFileReference section */
		AA2EFBB71B5E456E00B11E96 /* CBCoreTextKit.podspec */ = {isa = PBXFileReference; lastKnownFileType = text; path = CBCoreTextKit.podspec; sourceTree = "<group>"; };
		AA512C52164A365A00E497FE /* CBCTKFontManager.h */ = {isa = PBXFileReference; fileEncoding = 4; lastKnownFileType = sourcecode.c.h; path = CBCTKFontManager.h; sourceTree = "<group>"; };
		AA512C53164A365A00E497FE /* CBCTKFontManager.m */ = {isa = PBXFileReference; fileEncoding = 4; lastKnownFileType = sourcecode.c.objc; path = CBCTKFontManager.m; sourceTree = "<group>"; };
		AA6CCAAE15F81C9600FD7A19 /* CBCoreTextKit.framework */ = {isa = PBXFileReference; explicitFileType = wrapper.framework; includeInIndex = 0; path = CBCoreTextKit.framework; sourceTree = BUILT_PRODUCTS_DIR; };
		AA6CCAAF15F81C9600FD7A19 /* Cocoa.framework */ = {isa = PBXFileReference; lastKnownFileType = wrapper.framework; name = Cocoa.framework; path = Library/Frameworks/Cocoa.framework; sourceTree = DEVELOPER_DIR; };
		AA6CCAB215F81C9600FD7A19 /* AppKit.framework */ = {isa = PBXFileReference; lastKnownFileType = wrapper.framework; name = AppKit.framework; path = Library/Frameworks/AppKit.framework; sourceTree = SDKROOT; };
		AA6CCAB315F81C9600FD7A19 /* CoreData.framework */ = {isa = PBXFileReference; lastKnownFileType = wrapper.framework; name = CoreData.framework; path = Library/Frameworks/CoreData.framework; sourceTree = SDKROOT; };
		AA6CCAB415F81C9600FD7A19 /* Foundation.framework */ = {isa = PBXFileReference; lastKnownFileType = wrapper.framework; name = Foundation.framework; path = Library/Frameworks/Foundation.framework; sourceTree = SDKROOT; };
		AA7A976316BA3C1A009878C7 /* NSAttributedString+UIKit.h */ = {isa = PBXFileReference; fileEncoding = 4; lastKnownFileType = sourcecode.c.h; path = "NSAttributedString+UIKit.h"; sourceTree = "<group>"; };
		AA7A976416BA3C1A009878C7 /* NSAttributedString+UIKit.m */ = {isa = PBXFileReference; fileEncoding = 4; lastKnownFileType = sourcecode.c.objc; path = "NSAttributedString+UIKit.m"; sourceTree = "<group>"; };
		AA9C9162164DA0EE00F75427 /* CBCTKMarkdownParser.h */ = {isa = PBXFileReference; fileEncoding = 4; lastKnownFileType = sourcecode.objj.h; path = CBCTKMarkdownParser.h; sourceTree = "<group>"; };
		AA9C9163164DA0EE00F75427 /* CBCTKMarkdownParser.m */ = {isa = PBXFileReference; fileEncoding = 4; lastKnownFileType = sourcecode.c.objc; path = CBCTKMarkdownParser.m; sourceTree = "<group>"; };
		AAA5A50B15F74AAB002725C5 /* CBCTKGlobals.h */ = {isa = PBXFileReference; fileEncoding = 4; lastKnownFileType = sourcecode.c.h; path = CBCTKGlobals.h; sourceTree = "<group>"; };
		AAA5A50C15F74AAC002725C5 /* CBCTKGlobals.m */ = {isa = PBXFileReference; fileEncoding = 4; lastKnownFileType = sourcecode.c.objc; path = CBCTKGlobals.m; sourceTree = "<group>"; };
		AABBBF6D166F2441000C16D9 /* CBNSAttributedStringMarkdownParserTest.h */ = {isa = PBXFileReference; fileEncoding = 4; lastKnownFileType = sourcecode.c.h; path = CBNSAttributedStringMarkdownParserTest.h; sourceTree = "<group>"; };
		AABBBF6E166F2441000C16D9 /* CBNSAttributedStringMarkdownParserTest.m */ = {isa = PBXFileReference; fileEncoding = 4; lastKnownFileType = sourcecode.c.objc; path = CBNSAttributedStringMarkdownParserTest.m; sourceTree = "<group>"; };
		AABE57AB164519ED00F7CF5B /* CBCoreTextKitTest.octest */ = {isa = PBXFileReference; explicitFileType = wrapper.cfbundle; includeInIndex = 0; path = CBCoreTextKitTest.octest; sourceTree = BUILT_PRODUCTS_DIR; };
		AABE57AC164519ED00F7CF5B /* SenTestingKit.framework */ = {isa = PBXFileReference; lastKnownFileType = wrapper.framework; name = SenTestingKit.framework; path = Library/Frameworks/SenTestingKit.framework; sourceTree = DEVELOPER_DIR; };
		AABE57AE164519ED00F7CF5B /* UIKit.framework */ = {isa = PBXFileReference; lastKnownFileType = wrapper.framework; name = UIKit.framework; path = Library/Frameworks/UIKit.framework; sourceTree = DEVELOPER_DIR; };
		AABE57B3164519EE00F7CF5B /* CBCoreTextKitTest-Info.plist */ = {isa = PBXFileReference; lastKnownFileType = text.plist.xml; path = "CBCoreTextKitTest-Info.plist"; sourceTree = "<group>"; };
		AABE57B5164519EE00F7CF5B /* en */ = {isa = PBXFileReference; lastKnownFileType = text.plist.strings; name = en; path = en.lproj/InfoPlist.strings; sourceTree = "<group>"; };
		AABE57BA164519EE00F7CF5B /* CBCoreTextKitTest-Prefix.pch */ = {isa = PBXFileReference; lastKnownFileType = sourcecode.c.h; path = "CBCoreTextKitTest-Prefix.pch"; sourceTree = "<group>"; };
		AAC3418715F516B600217914 /* libCBCoreTextKit.a */ = {isa = PBXFileReference; explicitFileType = archive.ar; includeInIndex = 0; path = libCBCoreTextKit.a; sourceTree = BUILT_PRODUCTS_DIR; };
		AAC3418A15F516B600217914 /* Foundation.framework */ = {isa = PBXFileReference; lastKnownFileType = wrapper.framework; name = Foundation.framework; path = System/Library/Frameworks/Foundation.framework; sourceTree = SDKROOT; };
		AAC3418E15F516B600217914 /* CBCoreTextKit-Prefix.pch */ = {isa = PBXFileReference; lastKnownFileType = sourcecode.c.h; path = "CBCoreTextKit-Prefix.pch"; sourceTree = "<group>"; };
		AAC3418F15F516B600217914 /* CBCoreTextKit.h */ = {isa = PBXFileReference; lastKnownFileType = sourcecode.c.h; path = CBCoreTextKit.h; sourceTree = "<group>"; };
		AAC3419E15F5172F00217914 /* NSAttributedString+CBCoreTextKit.h */ = {isa = PBXFileReference; fileEncoding = 4; lastKnownFileType = sourcecode.c.h; path = "NSAttributedString+CBCoreTextKit.h"; sourceTree = "<group>"; };
		AAC3419F15F5172F00217914 /* NSAttributedString+CBCoreTextKit.m */ = {isa = PBXFileReference; fileEncoding = 4; lastKnownFileType = sourcecode.c.objc; path = "NSAttributedString+CBCoreTextKit.m"; sourceTree = "<group>"; };
		AAC341A015F5172F00217914 /* NSAttributedString+DokuWiki.h */ = {isa = PBXFileReference; fileEncoding = 4; lastKnownFileType = sourcecode.c.h; path = "NSAttributedString+DokuWiki.h"; sourceTree = "<group>"; };
		AAC341A115F5172F00217914 /* NSAttributedString+DokuWiki.m */ = {isa = PBXFileReference; fileEncoding = 4; lastKnownFileType = sourcecode.c.objc; path = "NSAttributedString+DokuWiki.m"; sourceTree = "<group>"; };
		AACA2E8816311367006D28C6 /* NSAttributedString+HTML.h */ = {isa = PBXFileReference; fileEncoding = 4; lastKnownFileType = sourcecode.c.h; path = "NSAttributedString+HTML.h"; sourceTree = "<group>"; };
		AACA2E8916311367006D28C6 /* NSAttributedString+HTML.m */ = {isa = PBXFileReference; fileEncoding = 4; lastKnownFileType = sourcecode.c.objc; path = "NSAttributedString+HTML.m"; sourceTree = "<group>"; };
		AACA2E8E163113E3006D28C6 /* NSAttributedString+Glyphs.h */ = {isa = PBXFileReference; fileEncoding = 4; lastKnownFileType = sourcecode.c.h; path = "NSAttributedString+Glyphs.h"; sourceTree = "<group>"; };
		AACA2E8F163113E3006D28C6 /* NSAttributedString+Glyphs.m */ = {isa = PBXFileReference; fileEncoding = 4; lastKnownFileType = sourcecode.c.objc; path = "NSAttributedString+Glyphs.m"; sourceTree = "<group>"; };
		AAF4EB0E15FE0B56003D1E51 /* CoreText.framework */ = {isa = PBXFileReference; lastKnownFileType = wrapper.framework; name = CoreText.framework; path = System/Library/Frameworks/CoreText.framework; sourceTree = SDKROOT; };
/* End PBXFileReference section */

/* Begin PBXFrameworksBuildPhase section */
		AA6CCAAA15F81C9600FD7A19 /* Frameworks */ = {
			isa = PBXFrameworksBuildPhase;
			buildActionMask = 2147483647;
			files = (
				AA6CCAB015F81C9600FD7A19 /* Cocoa.framework in Frameworks */,
			);
			runOnlyForDeploymentPostprocessing = 0;
		};
		AABE57A7164519ED00F7CF5B /* Frameworks */ = {
			isa = PBXFrameworksBuildPhase;
			buildActionMask = 2147483647;
			files = (
				AABE57D81645321200F7CF5B /* CoreText.framework in Frameworks */,
				AABE57AD164519ED00F7CF5B /* SenTestingKit.framework in Frameworks */,
				AABE57AF164519EE00F7CF5B /* UIKit.framework in Frameworks */,
				AABE57B0164519EE00F7CF5B /* Foundation.framework in Frameworks */,
			);
			runOnlyForDeploymentPostprocessing = 0;
		};
		AAC3418415F516B600217914 /* Frameworks */ = {
			isa = PBXFrameworksBuildPhase;
			buildActionMask = 2147483647;
			files = (
				AAF4EB0F15FE0B56003D1E51 /* CoreText.framework in Frameworks */,
				AAC3418B15F516B600217914 /* Foundation.framework in Frameworks */,
			);
			runOnlyForDeploymentPostprocessing = 0;
		};
/* End PBXFrameworksBuildPhase section */

/* Begin PBXGroup section */
		AA6CCAB115F81C9600FD7A19 /* Other Frameworks */ = {
			isa = PBXGroup;
			children = (
				AA6CCAB215F81C9600FD7A19 /* AppKit.framework */,
				AA6CCAB315F81C9600FD7A19 /* CoreData.framework */,
				AA6CCAB415F81C9600FD7A19 /* Foundation.framework */,
			);
			name = "Other Frameworks";
			sourceTree = "<group>";
		};
		AA82A5CF166F4B6C00582B59 /* AttributedString Parser */ = {
			isa = PBXGroup;
			children = (
				AA9C9162164DA0EE00F75427 /* CBCTKMarkdownParser.h */,
				AA9C9163164DA0EE00F75427 /* CBCTKMarkdownParser.m */,
			);
			name = "AttributedString Parser";
			sourceTree = "<group>";
		};
		AABE57B1164519EE00F7CF5B /* CBCoreTextKitTest */ = {
			isa = PBXGroup;
			children = (
				AABE57B2164519EE00F7CF5B /* Supporting Files */,
				AABBBF6D166F2441000C16D9 /* CBNSAttributedStringMarkdownParserTest.h */,
				AABBBF6E166F2441000C16D9 /* CBNSAttributedStringMarkdownParserTest.m */,
			);
			path = CBCoreTextKitTest;
			sourceTree = "<group>";
		};
		AABE57B2164519EE00F7CF5B /* Supporting Files */ = {
			isa = PBXGroup;
			children = (
				AABE57B3164519EE00F7CF5B /* CBCoreTextKitTest-Info.plist */,
				AABE57B4164519EE00F7CF5B /* InfoPlist.strings */,
				AABE57BA164519EE00F7CF5B /* CBCoreTextKitTest-Prefix.pch */,
			);
			name = "Supporting Files";
			sourceTree = "<group>";
		};
		AAC3417C15F516B600217914 = {
			isa = PBXGroup;
			children = (
				AA2EFBB71B5E456E00B11E96 /* CBCoreTextKit.podspec */,
				AAC3418C15F516B600217914 /* CBCoreTextKit */,
				AABE57B1164519EE00F7CF5B /* CBCoreTextKitTest */,
				AAC3418915F516B600217914 /* Frameworks */,
				AAC3418815F516B600217914 /* Products */,
			);
			sourceTree = "<group>";
		};
		AAC3418815F516B600217914 /* Products */ = {
			isa = PBXGroup;
			children = (
				AAC3418715F516B600217914 /* libCBCoreTextKit.a */,
				AA6CCAAE15F81C9600FD7A19 /* CBCoreTextKit.framework */,
				AABE57AB164519ED00F7CF5B /* CBCoreTextKitTest.octest */,
			);
			name = Products;
			sourceTree = "<group>";
		};
		AAC3418915F516B600217914 /* Frameworks */ = {
			isa = PBXGroup;
			children = (
				AAC3418A15F516B600217914 /* Foundation.framework */,
				AAF4EB0E15FE0B56003D1E51 /* CoreText.framework */,
				AA6CCAAF15F81C9600FD7A19 /* Cocoa.framework */,
				AABE57AC164519ED00F7CF5B /* SenTestingKit.framework */,
				AABE57AE164519ED00F7CF5B /* UIKit.framework */,
				AA6CCAB115F81C9600FD7A19 /* Other Frameworks */,
			);
			name = Frameworks;
			sourceTree = "<group>";
		};
		AAC3418C15F516B600217914 /* CBCoreTextKit */ = {
			isa = PBXGroup;
			children = (
				AAC3418F15F516B600217914 /* CBCoreTextKit.h */,
				AAA5A50B15F74AAB002725C5 /* CBCTKGlobals.h */,
				AAA5A50C15F74AAC002725C5 /* CBCTKGlobals.m */,
				AA512C52164A365A00E497FE /* CBCTKFontManager.h */,
				AA512C53164A365A00E497FE /* CBCTKFontManager.m */,
				AA82A5CF166F4B6C00582B59 /* AttributedString Parser */,
				AAC341A515F5173500217914 /* Attributed String */,
				AAC3418D15F516B600217914 /* Supporting Files */,
			);
			path = CBCoreTextKit;
			sourceTree = "<group>";
		};
		AAC3418D15F516B600217914 /* Supporting Files */ = {
			isa = PBXGroup;
			children = (
				AAC3418E15F516B600217914 /* CBCoreTextKit-Prefix.pch */,
			);
			name = "Supporting Files";
			sourceTree = "<group>";
		};
		AAC341A515F5173500217914 /* Attributed String */ = {
			isa = PBXGroup;
			children = (
				AAC3419E15F5172F00217914 /* NSAttributedString+CBCoreTextKit.h */,
				AAC3419F15F5172F00217914 /* NSAttributedString+CBCoreTextKit.m */,
				AACA2E8E163113E3006D28C6 /* NSAttributedString+Glyphs.h */,
				AACA2E8F163113E3006D28C6 /* NSAttributedString+Glyphs.m */,
				AACA2E8816311367006D28C6 /* NSAttributedString+HTML.h */,
				AACA2E8916311367006D28C6 /* NSAttributedString+HTML.m */,
				AAC341A015F5172F00217914 /* NSAttributedString+DokuWiki.h */,
				AAC341A115F5172F00217914 /* NSAttributedString+DokuWiki.m */,
				AA7A976316BA3C1A009878C7 /* NSAttributedString+UIKit.h */,
				AA7A976416BA3C1A009878C7 /* NSAttributedString+UIKit.m */,
			);
			name = "Attributed String";
			sourceTree = "<group>";
		};
/* End PBXGroup section */

/* Begin PBXHeadersBuildPhase section */
		AA6CCAAB15F81C9600FD7A19 /* Headers */ = {
			isa = PBXHeadersBuildPhase;
			buildActionMask = 2147483647;
			files = (
				AA6CCAC215F81CA700FD7A19 /* CBCoreTextKit.h in Headers */,
				AA6CCAC315F81CA700FD7A19 /* CBCTKGlobals.h in Headers */,
				AA6CCAC515F81CA700FD7A19 /* NSAttributedString+CBCoreTextKit.h in Headers */,
				AA6CCAC615F81CA700FD7A19 /* NSAttributedString+DokuWiki.h in Headers */,
				AACA2E8B16311367006D28C6 /* NSAttributedString+HTML.h in Headers */,
				AACA2E91163113E3006D28C6 /* NSAttributedString+Glyphs.h in Headers */,
				AA9C9165164DA0EF00F75427 /* CBCTKMarkdownParser.h in Headers */,
				AA512C55164A365A00E497FE /* CBCTKFontManager.h in Headers */,
			);
			runOnlyForDeploymentPostprocessing = 0;
		};
		AAC341AB15F5DC8500217914 /* Headers */ = {
			isa = PBXHeadersBuildPhase;
			buildActionMask = 2147483647;
			files = (
				AAC341AE15F5DF6600217914 /* CBCoreTextKit.h in Headers */,
				AAA5A50D15F74AAC002725C5 /* CBCTKGlobals.h in Headers */,
				AAC341AC15F5DC9600217914 /* NSAttributedString+CBCoreTextKit.h in Headers */,
				AAC341AD15F5DC9600217914 /* NSAttributedString+DokuWiki.h in Headers */,
				AACA2E8A16311367006D28C6 /* NSAttributedString+HTML.h in Headers */,
				AACA2E90163113E3006D28C6 /* NSAttributedString+Glyphs.h in Headers */,
				AA9C9164164DA0EF00F75427 /* CBCTKMarkdownParser.h in Headers */,
				AA512C54164A365A00E497FE /* CBCTKFontManager.h in Headers */,
				AA7A976516BA3C1A009878C7 /* NSAttributedString+UIKit.h in Headers */,
			);
			runOnlyForDeploymentPostprocessing = 0;
		};
/* End PBXHeadersBuildPhase section */

/* Begin PBXNativeTarget section */
		AA6CCAAD15F81C9600FD7A19 /* CBCoreTextKit */ = {
			isa = PBXNativeTarget;
			buildConfigurationList = AA6CCABF15F81C9600FD7A19 /* Build configuration list for PBXNativeTarget "CBCoreTextKit" */;
			buildPhases = (
				AA6CCAA915F81C9600FD7A19 /* Sources */,
				AA6CCAAA15F81C9600FD7A19 /* Frameworks */,
				AA6CCAAB15F81C9600FD7A19 /* Headers */,
				AA6CCAAC15F81C9600FD7A19 /* Resources */,
			);
			buildRules = (
			);
			dependencies = (
			);
			name = CBCoreTextKit;
			productName = CBCoreTextKit;
			productReference = AA6CCAAE15F81C9600FD7A19 /* CBCoreTextKit.framework */;
			productType = "com.apple.product-type.framework";
		};
		AABE57AA164519ED00F7CF5B /* CBCoreTextKitTest */ = {
			isa = PBXNativeTarget;
			buildConfigurationList = AABE57BB164519EE00F7CF5B /* Build configuration list for PBXNativeTarget "CBCoreTextKitTest" */;
			buildPhases = (
				AABE57A6164519ED00F7CF5B /* Sources */,
				AABE57A7164519ED00F7CF5B /* Frameworks */,
				AABE57A8164519ED00F7CF5B /* Resources */,
				AABE57A9164519ED00F7CF5B /* ShellScript */,
			);
			buildRules = (
			);
			dependencies = (
				AABE57CA16451AFF00F7CF5B /* PBXTargetDependency */,
			);
			name = CBCoreTextKitTest;
			productName = CBCoreTextKitTest;
			productReference = AABE57AB164519ED00F7CF5B /* CBCoreTextKitTest.octest */;
			productType = "com.apple.product-type.bundle.ocunit-test";
		};
		AAC3418615F516B600217914 /* libCBCoreTextKit */ = {
			isa = PBXNativeTarget;
			buildConfigurationList = AAC3419515F516B600217914 /* Build configuration list for PBXNativeTarget "libCBCoreTextKit" */;
			buildPhases = (
				AAC341AB15F5DC8500217914 /* Headers */,
				AAC3418315F516B600217914 /* Sources */,
				AAC3418415F516B600217914 /* Frameworks */,
				AAC3418515F516B600217914 /* CopyFiles */,
			);
			buildRules = (
			);
			dependencies = (
			);
			name = libCBCoreTextKit;
			productName = CBCoreTextKit;
			productReference = AAC3418715F516B600217914 /* libCBCoreTextKit.a */;
			productType = "com.apple.product-type.library.static";
		};
/* End PBXNativeTarget section */

/* Begin PBXProject section */
		AAC3417E15F516B600217914 /* Project object */ = {
			isa = PBXProject;
			attributes = {
				LastUpgradeCheck = 0500;
				ORGANIZATIONNAME = "Christian Beer";
			};
			buildConfigurationList = AAC3418115F516B600217914 /* Build configuration list for PBXProject "CBCoreTextKit" */;
			compatibilityVersion = "Xcode 3.2";
			developmentRegion = English;
			hasScannedForEncodings = 0;
			knownRegions = (
				en,
			);
			mainGroup = AAC3417C15F516B600217914;
			productRefGroup = AAC3418815F516B600217914 /* Products */;
			projectDirPath = "";
			projectRoot = "";
			targets = (
				AAC3418615F516B600217914 /* libCBCoreTextKit */,
				AA6CCAAD15F81C9600FD7A19 /* CBCoreTextKit */,
				AABE57AA164519ED00F7CF5B /* CBCoreTextKitTest */,
			);
		};
/* End PBXProject section */

/* Begin PBXResourcesBuildPhase section */
		AA6CCAAC15F81C9600FD7A19 /* Resources */ = {
			isa = PBXResourcesBuildPhase;
			buildActionMask = 2147483647;
			files = (
			);
			runOnlyForDeploymentPostprocessing = 0;
		};
		AABE57A8164519ED00F7CF5B /* Resources */ = {
			isa = PBXResourcesBuildPhase;
			buildActionMask = 2147483647;
			files = (
				AABE57B6164519EE00F7CF5B /* InfoPlist.strings in Resources */,
			);
			runOnlyForDeploymentPostprocessing = 0;
		};
/* End PBXResourcesBuildPhase section */

/* Begin PBXShellScriptBuildPhase section */
		AABE57A9164519ED00F7CF5B /* ShellScript */ = {
			isa = PBXShellScriptBuildPhase;
			buildActionMask = 2147483647;
			files = (
			);
			inputPaths = (
			);
			outputPaths = (
			);
			runOnlyForDeploymentPostprocessing = 0;
			shellPath = /bin/sh;
			shellScript = "# Run the unit tests in this test bundle.\n\"${SYSTEM_DEVELOPER_DIR}/Tools/RunUnitTests\"\n";
		};
/* End PBXShellScriptBuildPhase section */

/* Begin PBXSourcesBuildPhase section */
		AA6CCAA915F81C9600FD7A19 /* Sources */ = {
			isa = PBXSourcesBuildPhase;
			buildActionMask = 2147483647;
			files = (
				AA91A4F8162A27AE00B5F20F /* CBCTKGlobals.m in Sources */,
				AA91A4F9162A27B600B5F20F /* NSAttributedString+CBCoreTextKit.m in Sources */,
				AA91A4FA162A27B600B5F20F /* NSAttributedString+DokuWiki.m in Sources */,
				AACA2E8D16311367006D28C6 /* NSAttributedString+HTML.m in Sources */,
				AACA2E93163113E3006D28C6 /* NSAttributedString+Glyphs.m in Sources */,
				AA512C57164A365A00E497FE /* CBCTKFontManager.m in Sources */,
				AA9C9167164DA0EF00F75427 /* CBCTKMarkdownParser.m in Sources */,
			);
			runOnlyForDeploymentPostprocessing = 0;
		};
		AABE57A6164519ED00F7CF5B /* Sources */ = {
			isa = PBXSourcesBuildPhase;
			buildActionMask = 2147483647;
			files = (
				AABE57D21645313100F7CF5B /* CBCTKGlobals.m in Sources */,
				AABE57D31645313100F7CF5B /* NSAttributedString+CBCoreTextKit.m in Sources */,
				AABE57D41645313100F7CF5B /* NSAttributedString+Glyphs.m in Sources */,
				AABE57D51645313100F7CF5B /* NSAttributedString+HTML.m in Sources */,
				AABE57D61645313100F7CF5B /* NSAttributedString+DokuWiki.m in Sources */,
				AABBBF6F166F2441000C16D9 /* CBNSAttributedStringMarkdownParserTest.m in Sources */,
				AA7D3551166F2851006FCCA5 /* CBCTKMarkdownParser.m in Sources */,
			);
			runOnlyForDeploymentPostprocessing = 0;
		};
		AAC3418315F516B600217914 /* Sources */ = {
			isa = PBXSourcesBuildPhase;
			buildActionMask = 2147483647;
			files = (
				AAC341A215F5172F00217914 /* NSAttributedString+CBCoreTextKit.m in Sources */,
				AAC341A315F5172F00217914 /* NSAttributedString+DokuWiki.m in Sources */,
				AAA5A50E15F74AAC002725C5 /* CBCTKGlobals.m in Sources */,
				AACA2E8C16311367006D28C6 /* NSAttributedString+HTML.m in Sources */,
				AACA2E92163113E3006D28C6 /* NSAttributedString+Glyphs.m in Sources */,
				AA512C56164A365A00E497FE /* CBCTKFontManager.m in Sources */,
				AA9C9166164DA0EF00F75427 /* CBCTKMarkdownParser.m in Sources */,
				AA7A976716BA3C1A009878C7 /* NSAttributedString+UIKit.m in Sources */,
			);
			runOnlyForDeploymentPostprocessing = 0;
		};
/* End PBXSourcesBuildPhase section */

/* Begin PBXTargetDependency section */
		AABE57CA16451AFF00F7CF5B /* PBXTargetDependency */ = {
			isa = PBXTargetDependency;
			target = AAC3418615F516B600217914 /* libCBCoreTextKit */;
			targetProxy = AABE57C916451AFF00F7CF5B /* PBXContainerItemProxy */;
		};
/* End PBXTargetDependency section */

/* Begin PBXVariantGroup section */
		AABE57B4164519EE00F7CF5B /* InfoPlist.strings */ = {
			isa = PBXVariantGroup;
			children = (
				AABE57B5164519EE00F7CF5B /* en */,
			);
			name = InfoPlist.strings;
			sourceTree = "<group>";
		};
/* End PBXVariantGroup section */

/* Begin XCBuildConfiguration section */
		AA6CCAC015F81C9600FD7A19 /* Debug */ = {
			isa = XCBuildConfiguration;
			buildSettings = {
				COMBINE_HIDPI_IMAGES = YES;
				DYLIB_COMPATIBILITY_VERSION = 1;
				DYLIB_CURRENT_VERSION = 1;
				FRAMEWORK_VERSION = A;
				GCC_ENABLE_OBJC_EXCEPTIONS = YES;
				GCC_PRECOMPILE_PREFIX_HEADER = YES;
				GCC_PREFIX_HEADER = "CBCoreTextKit/CBCoreTextKit-Prefix.pch";
				GCC_WARN_64_TO_32_BIT_CONVERSION = YES;
				INFOPLIST_FILE = "CBCoreTextKit/CBCoreTextKit-Info.plist";
				INSTALL_PATH = "@executable_path/../Frameworks";
				MACOSX_DEPLOYMENT_TARGET = 10.8;
				ONLY_ACTIVE_ARCH = YES;
				PRODUCT_NAME = "$(TARGET_NAME)";
				SDKROOT = macosx;
				SKIP_INSTALL = YES;
				WRAPPER_EXTENSION = framework;
			};
			name = Debug;
		};
		AA6CCAC115F81C9600FD7A19 /* Release */ = {
			isa = XCBuildConfiguration;
			buildSettings = {
				COMBINE_HIDPI_IMAGES = YES;
				DEBUG_INFORMATION_FORMAT = "dwarf-with-dsym";
				DYLIB_COMPATIBILITY_VERSION = 1;
				DYLIB_CURRENT_VERSION = 1;
				FRAMEWORK_VERSION = A;
				GCC_ENABLE_OBJC_EXCEPTIONS = YES;
				GCC_PRECOMPILE_PREFIX_HEADER = YES;
				GCC_PREFIX_HEADER = "CBCoreTextKit/CBCoreTextKit-Prefix.pch";
				GCC_WARN_64_TO_32_BIT_CONVERSION = YES;
				INFOPLIST_FILE = "CBCoreTextKit/CBCoreTextKit-Info.plist";
				INSTALL_PATH = "@executable_path/../Frameworks";
				MACOSX_DEPLOYMENT_TARGET = 10.8;
				PRODUCT_NAME = "$(TARGET_NAME)";
				SDKROOT = macosx;
				SKIP_INSTALL = YES;
				WRAPPER_EXTENSION = framework;
			};
			name = Release;
		};
		AABE57BC164519EE00F7CF5B /* Debug */ = {
			isa = XCBuildConfiguration;
			buildSettings = {
				CLANG_WARN_EMPTY_BODY = YES;
				FRAMEWORK_SEARCH_PATHS = (
					"\"$(SDKROOT)/Developer/Library/Frameworks\"",
					"\"$(DEVELOPER_LIBRARY_DIR)/Frameworks\"",
				);
				GCC_PRECOMPILE_PREFIX_HEADER = YES;
				GCC_PREFIX_HEADER = "CBCoreTextKitTest/CBCoreTextKitTest-Prefix.pch";
				HEADER_SEARCH_PATHS = "./Libraries/discount-config";
				INFOPLIST_FILE = "CBCoreTextKitTest/CBCoreTextKitTest-Info.plist";
				ONLY_ACTIVE_ARCH = YES;
				PRODUCT_NAME = "$(TARGET_NAME)";
				WRAPPER_EXTENSION = octest;
			};
			name = Debug;
		};
		AABE57BD164519EE00F7CF5B /* Release */ = {
			isa = XCBuildConfiguration;
			buildSettings = {
				CLANG_WARN_EMPTY_BODY = YES;
				FRAMEWORK_SEARCH_PATHS = (
					"\"$(SDKROOT)/Developer/Library/Frameworks\"",
					"\"$(DEVELOPER_LIBRARY_DIR)/Frameworks\"",
				);
				GCC_PRECOMPILE_PREFIX_HEADER = YES;
				GCC_PREFIX_HEADER = "CBCoreTextKitTest/CBCoreTextKitTest-Prefix.pch";
				HEADER_SEARCH_PATHS = "./Libraries/discount-config";
				INFOPLIST_FILE = "CBCoreTextKitTest/CBCoreTextKitTest-Info.plist";
				PRODUCT_NAME = "$(TARGET_NAME)";
				WRAPPER_EXTENSION = octest;
			};
			name = Release;
		};
		AAC3419315F516B600217914 /* Debug */ = {
			isa = XCBuildConfiguration;
			buildSettings = {
				ALWAYS_SEARCH_USER_PATHS = NO;
				CLANG_CXX_LANGUAGE_STANDARD = "gnu++0x";
				CLANG_CXX_LIBRARY = "libc++";
				CLANG_ENABLE_OBJC_ARC = YES;
				CLANG_WARN__DUPLICATE_METHOD_MATCH = YES;
				COPY_PHASE_STRIP = NO;
				GCC_C_LANGUAGE_STANDARD = gnu99;
				GCC_DYNAMIC_NO_PIC = NO;
				GCC_OPTIMIZATION_LEVEL = 0;
				GCC_PREPROCESSOR_DEFINITIONS = (
					"DEBUG=1",
					"$(inherited)",
				);
				GCC_SYMBOLS_PRIVATE_EXTERN = NO;
				GCC_WARN_ABOUT_RETURN_TYPE = YES;
				GCC_WARN_UNINITIALIZED_AUTOS = YES;
				GCC_WARN_UNUSED_VARIABLE = YES;
				IPHONEOS_DEPLOYMENT_TARGET = 6.0;
				MACOSX_DEPLOYMENT_TARGET = 10.7;
				ONLY_ACTIVE_ARCH = YES;
				SDKROOT = iphoneos;
			};
			name = Debug;
		};
		AAC3419415F516B600217914 /* Release */ = {
			isa = XCBuildConfiguration;
			buildSettings = {
				ALWAYS_SEARCH_USER_PATHS = NO;
				CLANG_CXX_LANGUAGE_STANDARD = "gnu++0x";
				CLANG_CXX_LIBRARY = "libc++";
				CLANG_ENABLE_OBJC_ARC = YES;
				CLANG_WARN__DUPLICATE_METHOD_MATCH = YES;
				COPY_PHASE_STRIP = YES;
				GCC_C_LANGUAGE_STANDARD = gnu99;
				GCC_WARN_ABOUT_RETURN_TYPE = YES;
				GCC_WARN_UNINITIALIZED_AUTOS = YES;
				GCC_WARN_UNUSED_VARIABLE = YES;
				IPHONEOS_DEPLOYMENT_TARGET = 6.0;
				MACOSX_DEPLOYMENT_TARGET = 10.7;
				SDKROOT = iphoneos;
				VALIDATE_PRODUCT = YES;
			};
			name = Release;
		};
		AAC3419615F516B600217914 /* Debug */ = {
			isa = XCBuildConfiguration;
			buildSettings = {
				CLANG_ENABLE_OBJC_ARC = YES;
				DSTROOT = /tmp/CBCoreTextKit.dst;
				GCC_PRECOMPILE_PREFIX_HEADER = YES;
				GCC_PREFIX_HEADER = "CBCoreTextKit/CBCoreTextKit-Prefix.pch";
				OTHER_LDFLAGS = "-ObjC";
				PRODUCT_NAME = CBCoreTextKit;
				PUBLIC_HEADERS_FOLDER_PATH = "$(PRODUCT_NAME)";
				SKIP_INSTALL = YES;
			};
			name = Debug;
		};
		AAC3419715F516B600217914 /* Release */ = {
			isa = XCBuildConfiguration;
			buildSettings = {
				CLANG_ENABLE_OBJC_ARC = YES;
				DSTROOT = /tmp/CBCoreTextKit.dst;
				GCC_PRECOMPILE_PREFIX_HEADER = YES;
				GCC_PREFIX_HEADER = "CBCoreTextKit/CBCoreTextKit-Prefix.pch";
				OTHER_LDFLAGS = "-ObjC";
				PRODUCT_NAME = CBCoreTextKit;
				PUBLIC_HEADERS_FOLDER_PATH = "$(PRODUCT_NAME)";
				SKIP_INSTALL = YES;
			};
			name = Release;
		};
/* End XCBuildConfiguration section */

/* Begin XCConfigurationList section */
		AA6CCABF15F81C9600FD7A19 /* Build configuration list for PBXNativeTarget "CBCoreTextKit" */ = {
			isa = XCConfigurationList;
			buildConfigurations = (
				AA6CCAC015F81C9600FD7A19 /* Debug */,
				AA6CCAC115F81C9600FD7A19 /* Release */,
			);
			defaultConfigurationIsVisible = 0;
			defaultConfigurationName = Release;
		};
		AABE57BB164519EE00F7CF5B /* Build configuration list for PBXNativeTarget "CBCoreTextKitTest" */ = {
			isa = XCConfigurationList;
			buildConfigurations = (
				AABE57BC164519EE00F7CF5B /* Debug */,
				AABE57BD164519EE00F7CF5B /* Release */,
			);
			defaultConfigurationIsVisible = 0;
			defaultConfigurationName = Release;
		};
		AAC3418115F516B600217914 /* Build configuration list for PBXProject "CBCoreTextKit" */ = {
			isa = XCConfigurationList;
			buildConfigurations = (
				AAC3419315F516B600217914 /* Debug */,
				AAC3419415F516B600217914 /* Release */,
			);
			defaultConfigurationIsVisible = 0;
			defaultConfigurationName = Release;
		};
		AAC3419515F516B600217914 /* Build configuration list for PBXNativeTarget "libCBCoreTextKit" */ = {
			isa = XCConfigurationList;
			buildConfigurations = (
				AAC3419615F516B600217914 /* Debug */,
				AAC3419715F516B600217914 /* Release */,
			);
			defaultConfigurationIsVisible = 0;
			defaultConfigurationName = Release;
		};
/* End XCConfigurationList section */
	};
	rootObject = AAC3417E15F516B600217914 /* Project object */;
}
